version = 1
requires-python = ">=3.9"
resolution-markers = [
    "python_full_version < '3.10'",
    "python_full_version == '3.10.*'",
    "python_full_version == '3.11.*'",
    "python_full_version == '3.12.*'",
    "python_full_version >= '3.13'",
]

[[package]]
name = "archette"
version = "0.1.1"
source = { virtual = "." }
dependencies = [
    { name = "jax" },
    { name = "numba" },
    { name = "numpy" },
    { name = "scipy" },
]

[package.metadata]
requires-dist = [
    { name = "jax", specifier = ">=0.4.30" },
    { name = "numba", specifier = ">=0.53.1" },
    { name = "numpy", specifier = ">=2.0.2" },
    { name = "scipy", specifier = ">=1.13.1" },
]

[[package]]
name = "importlib-metadata"
version = "8.5.0"
source = { registry = "https://pypi.org/simple" }
dependencies = [
    { name = "zipp", marker = "python_full_version < '3.10'" },
]
sdist = { url = "https://files.pythonhosted.org/packages/cd/12/33e59336dca5be0c398a7482335911a33aa0e20776128f038019f1a95f1b/importlib_metadata-8.5.0.tar.gz", hash = "sha256:71522656f0abace1d072b9e5481a48f07c138e00f079c38c8f883823f9c26bd7", size = 55304 }
wheels = [
    { url = "https://files.pythonhosted.org/packages/a0/d9/a1e041c5e7caa9a05c925f4bdbdfb7f006d1f74996af53467bc394c97be7/importlib_metadata-8.5.0-py3-none-any.whl", hash = "sha256:45e54197d28b7a7f1559e60b95e7c567032b602131fbd588f1497f47880aa68b", size = 26514 },
]

[[package]]
name = "jax"
version = "0.4.30"
source = { registry = "https://pypi.org/simple" }
dependencies = [
    { name = "importlib-metadata", marker = "python_full_version < '3.10'" },
    { name = "jaxlib" },
    { name = "ml-dtypes", version = "0.4.1", source = { registry = "https://pypi.org/simple" }, marker = "python_full_version >= '3.13'" },
    { name = "ml-dtypes", version = "0.5.1", source = { registry = "https://pypi.org/simple" }, marker = "python_full_version < '3.13'" },
    { name = "numpy" },
    { name = "opt-einsum" },
    { name = "scipy" },
]
sdist = { url = "https://files.pythonhosted.org/packages/15/41/d6dbafc31d6bd93eeec2e1c709adfa454266e83714ebeeed9de52a6ad881/jax-0.4.30.tar.gz", hash = "sha256:94d74b5b2db0d80672b61d83f1f63ebf99d2ab7398ec12b2ca0c9d1e97afe577", size = 1715462 }
wheels = [
    { url = "https://files.pythonhosted.org/packages/fd/f2/9dbb75de3058acfd1600cf0839bcce7ea391148c9d2b4fa5f5666e66f09e/jax-0.4.30-py3-none-any.whl", hash = "sha256:289b30ae03b52f7f4baf6ef082a9f4e3e29c1080e22d13512c5ecf02d5f1a55b", size = 2009197 },
]

[[package]]
name = "jaxlib"
version = "0.4.30"
source = { registry = "https://pypi.org/simple" }
dependencies = [
    { name = "ml-dtypes", version = "0.4.1", source = { registry = "https://pypi.org/simple" }, marker = "python_full_version >= '3.13'" },
    { name = "ml-dtypes", version = "0.5.1", source = { registry = "https://pypi.org/simple" }, marker = "python_full_version < '3.13'" },
    { name = "numpy" },
    { name = "scipy" },
]
wheels = [
    { url = "https://files.pythonhosted.org/packages/f3/18/ff7f2f6d6195853ed55c5b5d835f5c8c3c8b190c7221cb04a0cb81f5db10/jaxlib-0.4.30-cp310-cp310-macosx_10_14_x86_64.whl", hash = "sha256:c40856e28f300938c6824ab1a615166193d6997dec946578823f6d402ad454e5", size = 83542097 },
    { url = "https://files.pythonhosted.org/packages/d4/c0/ff65503ecfed3aee11e4abe4c4e9e8a3513f072e0b595f8247b9989d1510/jaxlib-0.4.30-cp310-cp310-macosx_11_0_arm64.whl", hash = "sha256:4bdfda6a3c7a2b0cc0a7131009eb279e98ca4a6f25679fabb5302dd135a5e349", size = 66694495 },
    { url = "https://files.pythonhosted.org/packages/b9/d7/82df748a31a1cfbd531a12979ea846d6b676d4adfa1e91114b848665b2aa/jaxlib-0.4.30-cp310-cp310-manylinux2014_aarch64.whl", hash = "sha256:28e032c9b394ab7624d89b0d9d3bbcf4d1d71694fe8b3e09d3fe64122eda7b0c", size = 67781242 },
    { url = "https://files.pythonhosted.org/packages/4a/ca/561aabed63007bb2621a62f0d816aa2f68cfe947859c8b4e61519940344b/jaxlib-0.4.30-cp310-cp310-manylinux2014_x86_64.whl", hash = "sha256:d83f36ef42a403bbf7c7f2da526b34ba286988e170f4df5e58b3bb735417868c", size = 79640266 },
    { url = "https://files.pythonhosted.org/packages/b0/90/8e5347eda95d3cb695cd5ebb82f850fa7866078a6a7a0568549e34125a82/jaxlib-0.4.30-cp310-cp310-win_amd64.whl", hash = "sha256:a56678b28f96b524ded6da8ef4b38e72a532356d139cfd434da804abf4234e14", size = 51945307 },
    { url = "https://files.pythonhosted.org/packages/33/2d/b6078f5d173d3087d32b1b49e5f65d406985fb3894ff1d21905972b9c89d/jaxlib-0.4.30-cp311-cp311-macosx_10_14_x86_64.whl", hash = "sha256:bfb5d85b69c29c3c6e8051a0ea715ac1e532d6e54494c8d9c3813dcc00deac30", size = 83539315 },
    { url = "https://files.pythonhosted.org/packages/12/95/399da9204c3b13696baefb93468402f3389416b0caecfd9126aa94742bf2/jaxlib-0.4.30-cp311-cp311-macosx_11_0_arm64.whl", hash = "sha256:974998cd8a78550402e6c09935c1f8d850cad9cc19ccd7488bde45b6f7f99c12", size = 66690971 },
    { url = "https://files.pythonhosted.org/packages/a4/f8/b85a46cb0cc4bc228cea4366b0d15caf42656c6d43cf8c91d90f7399aa4d/jaxlib-0.4.30-cp311-cp311-manylinux2014_aarch64.whl", hash = "sha256:e93eb0646b41ba213252b51b0b69096b9cd1d81a35ea85c9d06663b5d11efe45", size = 67780747 },
    { url = "https://files.pythonhosted.org/packages/a6/a3/951da3d1487b2f8995a2a14cc7e9496c9a7c93aa1f1d0b33e833e24dee92/jaxlib-0.4.30-cp311-cp311-manylinux2014_x86_64.whl", hash = "sha256:16b2ab18ea90d2e15941bcf45de37afc2f289a029129c88c8d7aba0404dd0043", size = 79640352 },
    { url = "https://files.pythonhosted.org/packages/bb/1a/8f45ea28a5ca67e4d23ebd70fc78ea94be6fa20323f983c7607c32c6f9a5/jaxlib-0.4.30-cp311-cp311-win_amd64.whl", hash = "sha256:3a2e2c11c179f8851a72249ba1ae40ae817dfaee9877d23b3b8f7c6b7a012f76", size = 51943960 },
    { url = "https://files.pythonhosted.org/packages/19/40/ae943d3c1fc8b50947aebbaa3bad2842759e43bc9fc91e1758c1c20a81ab/jaxlib-0.4.30-cp312-cp312-macosx_10_14_x86_64.whl", hash = "sha256:7704db5962b32a2be3cc07185433cbbcc94ed90ee50c84021a3f8a1ecfd66ee3", size = 83587124 },
    { url = "https://files.pythonhosted.org/packages/c6/e3/97f8edff6f64245a500415be021869522b235e8b38cd930d358b91243583/jaxlib-0.4.30-cp312-cp312-macosx_11_0_arm64.whl", hash = "sha256:57090d33477fd0f0c99dc686274882ea75c44c7d712ae42dd2460b10f896131d", size = 66724768 },
    { url = "https://files.pythonhosted.org/packages/4c/c7/ee1f48f8daa409d0ed039e0d8b5ae1a447e53db3acb2ff06239828ad96d5/jaxlib-0.4.30-cp312-cp312-manylinux2014_aarch64.whl", hash = "sha256:0a3850e76278038e21685975a62b622bcf3708485f13125757a0561ee4512940", size = 67800348 },
    { url = "https://files.pythonhosted.org/packages/f2/fa/a2dddea0d6965b8e433bb99aeedbe5c8a9b47110c1c4f197a7b6239daf44/jaxlib-0.4.30-cp312-cp312-manylinux2014_x86_64.whl", hash = "sha256:c58a8071c4e00898282118169f6a5a97eb15a79c2897858f3a732b17891c99ab", size = 79674030 },
    { url = "https://files.pythonhosted.org/packages/db/31/3500633d61b20b882a0fbcf8100013195c31b51f71249b0b38737851fc9a/jaxlib-0.4.30-cp312-cp312-win_amd64.whl", hash = "sha256:b7079a5b1ab6864a7d4f2afaa963841451186d22c90f39719a3ff85735ce3915", size = 51965689 },
    { url = "https://files.pythonhosted.org/packages/46/12/9de601dbae3c66666eeaaf5a28683d947909c046880baef390b7cd1d4b1d/jaxlib-0.4.30-cp39-cp39-macosx_10_14_x86_64.whl", hash = "sha256:ea3a00005faafbe3c18b178d3b534208b3b4027b2be6230227e7b87ce399fc29", size = 83544602 },
    { url = "https://files.pythonhosted.org/packages/f3/1d/2d417a1445d5e696bb44d564c7519d4a6761db4d3e31712620c510ed0127/jaxlib-0.4.30-cp39-cp39-macosx_11_0_arm64.whl", hash = "sha256:3d31e01191ce8052bd611aaf16ff967d8d0ec0b63f1ea4b199020cecb248d667", size = 66695975 },
    { url = "https://files.pythonhosted.org/packages/e4/f9/e29370046f4648bd464df7eceaebbbaefd091cc88c77da4a6e3a5f1a00d7/jaxlib-0.4.30-cp39-cp39-manylinux2014_aarch64.whl", hash = "sha256:11602d5556e8baa2f16314c36518e9be4dfae0c2c256a361403fb29dc9dc79a4", size = 67784388 },
    { url = "https://files.pythonhosted.org/packages/07/3b/a596036325666624ca084df554636fb3777e78e9386b52476d96fa14394e/jaxlib-0.4.30-cp39-cp39-manylinux2014_x86_64.whl", hash = "sha256:f74a6b0e09df4b5e2ee399ebb9f0e01190e26e84ccb0a758fadb516415c07f18", size = 79643370 },
    { url = "https://files.pythonhosted.org/packages/8a/a3/7342ceb02e49803af9a42ab3ad9b6c272cf7b2a83163e3a06859360012d5/jaxlib-0.4.30-cp39-cp39-win_amd64.whl", hash = "sha256:54987e97a22db70f3829b437b9329e4799d653634bacc8b398554d3b90c76b2a", size = 51946140 },
]

[[package]]
name = "llvmlite"
version = "0.36.0"
source = { registry = "https://pypi.org/simple" }
sdist = { url = "https://files.pythonhosted.org/packages/19/66/6b2c49c7c68da48d17059882fdb9ad9ac9e5ac3f22b00874d7996e3c44a8/llvmlite-0.36.0.tar.gz", hash = "sha256:765128fdf5f149ed0b889ffbe2b05eb1717f8e20a5c87fa2b4018fbcce0fcfc9", size = 126219 }
wheels = [
    { url = "https://files.pythonhosted.org/packages/90/a9/ec0175e6c2d519fc450086ac60ffb1bdfad4a66e2bcc68f8275ec4bd89d4/llvmlite-0.36.0-cp39-cp39-macosx_10_9_x86_64.whl", hash = "sha256:6a3abc8a8889aeb06bf9c4a7e5df5bc7bb1aa0aedd91a599813809abeec80b5a", size = 18513222 },
    { url = "https://files.pythonhosted.org/packages/c2/8b/b9a9e00ff28f8428687f287135853babbf6b8af3d695f8888e58a0312422/llvmlite-0.36.0-cp39-cp39-manylinux2010_i686.whl", hash = "sha256:705f0323d931684428bb3451549603299bb5e17dd60fb979d67c3807de0debc1", size = 27443194 },
    { url = "https://files.pythonhosted.org/packages/21/e4/bd58362e7613bce9a570278352832289b2a9f1da48e8c22e1a2f883a2167/llvmlite-0.36.0-cp39-cp39-manylinux2010_x86_64.whl", hash = "sha256:5a6548b4899facb182145147185e9166c69826fb424895f227e6b7cf924a8da1", size = 25268821 },
    { url = "https://files.pythonhosted.org/packages/8b/f5/73b92c97c5c1806103598ad121a41d53a9e975f719ae7d58298fcf7e25f7/llvmlite-0.36.0-cp39-cp39-win32.whl", hash = "sha256:ff52fb9c2be66b95b0e67d56fce11038397e5be1ea410ee53f5f1175fdbb107a", size = 12986003 },
    { url = "https://files.pythonhosted.org/packages/b7/ab/cf1bc85ae2aa7ce35c3bdeb34084b805ac5d2c9e49c1ac4a6eff20bb91dc/llvmlite-0.36.0-cp39-cp39-win_amd64.whl", hash = "sha256:1dee416ea49fd338c74ec15c0c013e5273b0961528169af06ff90772614f7f6c", size = 15985217 },
]

[[package]]
name = "ml-dtypes"
version = "0.4.1"
source = { registry = "https://pypi.org/simple" }
resolution-markers = [
    "python_full_version >= '3.13'",
]
dependencies = [
    { name = "numpy", marker = "python_full_version >= '3.13'" },
]
sdist = { url = "https://files.pythonhosted.org/packages/fd/15/76f86faa0902836cc133939732f7611ace68cf54148487a99c539c272dc8/ml_dtypes-0.4.1.tar.gz", hash = "sha256:fad5f2de464fd09127e49b7fd1252b9006fb43d2edc1ff112d390c324af5ca7a", size = 692594 }
wheels = [
    { url = "https://files.pythonhosted.org/packages/56/9e/76b84f77c7afee3b116dc8407903a2d5004ba3059a8f3dcdcfa6ebf33fff/ml_dtypes-0.4.1-cp310-cp310-macosx_10_9_universal2.whl", hash = "sha256:1fe8b5b5e70cd67211db94b05cfd58dace592f24489b038dc6f9fe347d2e07d5", size = 397975 },
    { url = "https://files.pythonhosted.org/packages/03/7b/32650e1b2a2713a5923a0af2a8503d0d4a8fc99d1e1e0a1c40e996634460/ml_dtypes-0.4.1-cp310-cp310-manylinux_2_17_aarch64.manylinux2014_aarch64.whl", hash = "sha256:8c09a6d11d8475c2a9fd2bc0695628aec105f97cab3b3a3fb7c9660348ff7d24", size = 2182570 },
    { url = "https://files.pythonhosted.org/packages/16/86/a9f7569e7e4f5395f927de38a13b92efa73f809285d04f2923b291783dd2/ml_dtypes-0.4.1-cp310-cp310-manylinux_2_17_x86_64.manylinux2014_x86_64.whl", hash = "sha256:9f5e8f75fa371020dd30f9196e7d73babae2abd51cf59bdd56cb4f8de7e13354", size = 2160365 },
    { url = "https://files.pythonhosted.org/packages/04/1b/9a3afb437702503514f3934ec8d7904270edf013d28074f3e700e5dfbb0f/ml_dtypes-0.4.1-cp310-cp310-win_amd64.whl", hash = "sha256:15fdd922fea57e493844e5abb930b9c0bd0af217d9edd3724479fc3d7ce70e3f", size = 126633 },
    { url = "https://files.pythonhosted.org/packages/d1/76/9835c8609c29f2214359e88f29255fc4aad4ea0f613fb48aa8815ceda1b6/ml_dtypes-0.4.1-cp311-cp311-macosx_10_9_universal2.whl", hash = "sha256:2d55b588116a7085d6e074cf0cdb1d6fa3875c059dddc4d2c94a4cc81c23e975", size = 397973 },
    { url = "https://files.pythonhosted.org/packages/7e/99/e68c56fac5de973007a10254b6e17a0362393724f40f66d5e4033f4962c2/ml_dtypes-0.4.1-cp311-cp311-manylinux_2_17_aarch64.manylinux2014_aarch64.whl", hash = "sha256:e138a9b7a48079c900ea969341a5754019a1ad17ae27ee330f7ebf43f23877f9", size = 2185134 },
    { url = "https://files.pythonhosted.org/packages/28/bc/6a2344338ea7b61cd7b46fb24ec459360a5a0903b57c55b156c1e46c644a/ml_dtypes-0.4.1-cp311-cp311-manylinux_2_17_x86_64.manylinux2014_x86_64.whl", hash = "sha256:74c6cfb5cf78535b103fde9ea3ded8e9f16f75bc07789054edc7776abfb3d752", size = 2163661 },
    { url = "https://files.pythonhosted.org/packages/e8/d3/ddfd9878b223b3aa9a930c6100a99afca5cfab7ea703662e00323acb7568/ml_dtypes-0.4.1-cp311-cp311-win_amd64.whl", hash = "sha256:274cc7193dd73b35fb26bef6c5d40ae3eb258359ee71cd82f6e96a8c948bdaa6", size = 126727 },
    { url = "https://files.pythonhosted.org/packages/ba/1a/99e924f12e4b62139fbac87419698c65f956d58de0dbfa7c028fa5b096aa/ml_dtypes-0.4.1-cp312-cp312-macosx_10_9_universal2.whl", hash = "sha256:827d3ca2097085cf0355f8fdf092b888890bb1b1455f52801a2d7756f056f54b", size = 405077 },
    { url = "https://files.pythonhosted.org/packages/8f/8c/7b610bd500617854c8cc6ed7c8cfb9d48d6a5c21a1437a36a4b9bc8a3598/ml_dtypes-0.4.1-cp312-cp312-manylinux_2_17_aarch64.manylinux2014_aarch64.whl", hash = "sha256:772426b08a6172a891274d581ce58ea2789cc8abc1c002a27223f314aaf894e7", size = 2181554 },
    { url = "https://files.pythonhosted.org/packages/c7/c6/f89620cecc0581dc1839e218c4315171312e46c62a62da6ace204bda91c0/ml_dtypes-0.4.1-cp312-cp312-manylinux_2_17_x86_64.manylinux2014_x86_64.whl", hash = "sha256:126e7d679b8676d1a958f2651949fbfa182832c3cd08020d8facd94e4114f3e9", size = 2160488 },
    { url = "https://files.pythonhosted.org/packages/ae/11/a742d3c31b2cc8557a48efdde53427fd5f9caa2fa3c9c27d826e78a66f51/ml_dtypes-0.4.1-cp312-cp312-win_amd64.whl", hash = "sha256:df0fb650d5c582a9e72bb5bd96cfebb2cdb889d89daff621c8fbc60295eba66c", size = 127462 },
    { url = "https://files.pythonhosted.org/packages/8f/d7/6e1372052fe95c0cacfdb9718dba04726203885ffddb0cfddd8f8aa89a3b/ml_dtypes-0.4.1-cp39-cp39-macosx_10_9_universal2.whl", hash = "sha256:e35e486e97aee577d0890bc3bd9e9f9eece50c08c163304008587ec8cfe7575b", size = 396578 },
    { url = "https://files.pythonhosted.org/packages/1a/f6/ad0bd2735b9570ebf9c113f024b4f2b34f2331f16197c60babdc168b22d5/ml_dtypes-0.4.1-cp39-cp39-manylinux_2_17_aarch64.manylinux2014_aarch64.whl", hash = "sha256:560be16dc1e3bdf7c087eb727e2cf9c0e6a3d87e9f415079d2491cc419b3ebf5", size = 2181057 },
    { url = "https://files.pythonhosted.org/packages/3e/55/b9711de47135d4d8766ff7907fe54c8bffff545fd646817c352de37b0ad5/ml_dtypes-0.4.1-cp39-cp39-manylinux_2_17_x86_64.manylinux2014_x86_64.whl", hash = "sha256:ad0b757d445a20df39035c4cdeed457ec8b60d236020d2560dbc25887533cf50", size = 2156131 },
    { url = "https://files.pythonhosted.org/packages/4b/f3/e5ff8dd27f66c8b80f97f0f89bb0b74e4a7005e5ff5f8f4237126c827911/ml_dtypes-0.4.1-cp39-cp39-win_amd64.whl", hash = "sha256:ef0d7e3fece227b49b544fa69e50e607ac20948f0043e9f76b44f35f229ea450", size = 126727 },
]

[[package]]
name = "ml-dtypes"
version = "0.5.1"
source = { registry = "https://pypi.org/simple" }
resolution-markers = [
    "python_full_version < '3.10'",
    "python_full_version == '3.10.*'",
    "python_full_version == '3.11.*'",
    "python_full_version == '3.12.*'",
]
dependencies = [
    { name = "numpy", marker = "python_full_version < '3.13'" },
]
sdist = { url = "https://files.pythonhosted.org/packages/32/49/6e67c334872d2c114df3020e579f3718c333198f8312290e09ec0216703a/ml_dtypes-0.5.1.tar.gz", hash = "sha256:ac5b58559bb84a95848ed6984eb8013249f90b6bab62aa5acbad876e256002c9", size = 698772 }
wheels = [
    { url = "https://files.pythonhosted.org/packages/f4/88/11ebdbc75445eeb5b6869b708a0d787d1ed812ff86c2170bbfb95febdce1/ml_dtypes-0.5.1-cp310-cp310-macosx_10_9_universal2.whl", hash = "sha256:bd73f51957949069573ff783563486339a9285d72e2f36c18e0c1aa9ca7eb190", size = 671450 },
    { url = "https://files.pythonhosted.org/packages/a4/a4/9321cae435d6140f9b0e7af8334456a854b60e3a9c6101280a16e3594965/ml_dtypes-0.5.1-cp310-cp310-manylinux_2_17_aarch64.manylinux2014_aarch64.whl", hash = "sha256:810512e2eccdfc3b41eefa3a27402371a3411453a1efc7e9c000318196140fed", size = 4621075 },
    { url = "https://files.pythonhosted.org/packages/16/d8/4502e12c6a10d42e13a552e8d97f20198e3cf82a0d1411ad50be56a5077c/ml_dtypes-0.5.1-cp310-cp310-manylinux_2_17_x86_64.manylinux2014_x86_64.whl", hash = "sha256:141b2ea2f20bb10802ddca55d91fe21231ef49715cfc971998e8f2a9838f3dbe", size = 4738414 },
    { url = "https://files.pythonhosted.org/packages/6b/7e/bc54ae885e4d702e60a4bf50aa9066ff35e9c66b5213d11091f6bffb3036/ml_dtypes-0.5.1-cp310-cp310-win_amd64.whl", hash = "sha256:26ebcc69d7b779c8f129393e99732961b5cc33fcff84090451f448c89b0e01b4", size = 209718 },
    { url = "https://files.pythonhosted.org/packages/c9/fd/691335926126bb9beeb030b61a28f462773dcf16b8e8a2253b599013a303/ml_dtypes-0.5.1-cp311-cp311-macosx_10_9_universal2.whl", hash = "sha256:023ce2f502efd4d6c1e0472cc58ce3640d051d40e71e27386bed33901e201327", size = 671448 },
    { url = "https://files.pythonhosted.org/packages/ff/a6/63832d91f2feb250d865d069ba1a5d0c686b1f308d1c74ce9764472c5e22/ml_dtypes-0.5.1-cp311-cp311-manylinux_2_17_aarch64.manylinux2014_aarch64.whl", hash = "sha256:7000b6e4d8ef07542c05044ec5d8bbae1df083b3f56822c3da63993a113e716f", size = 4625792 },
    { url = "https://files.pythonhosted.org/packages/cc/2a/5421fd3dbe6eef9b844cc9d05f568b9fb568503a2e51cb1eb4443d9fc56b/ml_dtypes-0.5.1-cp311-cp311-manylinux_2_17_x86_64.manylinux2014_x86_64.whl", hash = "sha256:c09526488c3a9e8b7a23a388d4974b670a9a3dd40c5c8a61db5593ce9b725bab", size = 4743893 },
    { url = "https://files.pythonhosted.org/packages/60/30/d3f0fc9499a22801219679a7f3f8d59f1429943c6261f445fb4bfce20718/ml_dtypes-0.5.1-cp311-cp311-win_amd64.whl", hash = "sha256:15ad0f3b0323ce96c24637a88a6f44f6713c64032f27277b069f285c3cf66478", size = 209712 },
    { url = "https://files.pythonhosted.org/packages/47/56/1bb21218e1e692506c220ffabd456af9733fba7aa1b14f73899979f4cc20/ml_dtypes-0.5.1-cp312-cp312-macosx_10_9_universal2.whl", hash = "sha256:6f462f5eca22fb66d7ff9c4744a3db4463af06c49816c4b6ac89b16bfcdc592e", size = 670372 },
    { url = "https://files.pythonhosted.org/packages/20/95/d8bd96a3b60e00bf31bd78ca4bdd2d6bbaf5acb09b42844432d719d34061/ml_dtypes-0.5.1-cp312-cp312-manylinux_2_17_aarch64.manylinux2014_aarch64.whl", hash = "sha256:6f76232163b5b9c34291b54621ee60417601e2e4802a188a0ea7157cd9b323f4", size = 4635946 },
    { url = "https://files.pythonhosted.org/packages/08/57/5d58fad4124192b1be42f68bd0c0ddaa26e44a730ff8c9337adade2f5632/ml_dtypes-0.5.1-cp312-cp312-manylinux_2_17_x86_64.manylinux2014_x86_64.whl", hash = "sha256:ad4953c5eb9c25a56d11a913c2011d7e580a435ef5145f804d98efa14477d390", size = 4694804 },
    { url = "https://files.pythonhosted.org/packages/38/bc/c4260e4a6c6bf684d0313308de1c860467275221d5e7daf69b3fcddfdd0b/ml_dtypes-0.5.1-cp312-cp312-win_amd64.whl", hash = "sha256:9626d0bca1fb387d5791ca36bacbba298c5ef554747b7ebeafefb4564fc83566", size = 210853 },
    { url = "https://files.pythonhosted.org/packages/0f/92/bb6a3d18e16fddd18ce6d5f480e1919b33338c70e18cba831c6ae59812ee/ml_dtypes-0.5.1-cp313-cp313-macosx_10_13_universal2.whl", hash = "sha256:12651420130ee7cc13059fc56dac6ad300c3af3848b802d475148c9defd27c23", size = 667696 },
    { url = "https://files.pythonhosted.org/packages/6d/29/cfc89d842767e9a51146043b0fa18332c2b38f8831447e6cb1160e3c6102/ml_dtypes-0.5.1-cp313-cp313-manylinux_2_17_aarch64.manylinux2014_aarch64.whl", hash = "sha256:c9945669d3dadf8acb40ec2e57d38c985d8c285ea73af57fc5b09872c516106d", size = 4638365 },
    { url = "https://files.pythonhosted.org/packages/be/26/adc36e3ea09603d9f6d114894e1c1b7b8e8a9ef6d0b031cc270c6624a37c/ml_dtypes-0.5.1-cp313-cp313-manylinux_2_17_x86_64.manylinux2014_x86_64.whl", hash = "sha256:bf9975bda82a99dc935f2ae4c83846d86df8fd6ba179614acac8e686910851da", size = 4702722 },
    { url = "https://files.pythonhosted.org/packages/da/8a/a2b9375c94077e5a488a624a195621407846f504068ce22ccf805c674156/ml_dtypes-0.5.1-cp313-cp313-win_amd64.whl", hash = "sha256:fd918d4e6a4e0c110e2e05be7a7814d10dc1b95872accbf6512b80a109b71ae1", size = 210850 },
    { url = "https://files.pythonhosted.org/packages/52/38/703169100fdde27957f061d4d0ea3e00525775a09acaccf7e655d9609d55/ml_dtypes-0.5.1-cp313-cp313t-macosx_10_13_universal2.whl", hash = "sha256:05f23447a1c20ddf4dc7c2c661aa9ed93fcb2658f1017c204d1e758714dc28a8", size = 693043 },
    { url = "https://files.pythonhosted.org/packages/28/ff/4e234c9c23e0d456f5da5a326c103bf890c746d93351524d987e41f438b3/ml_dtypes-0.5.1-cp313-cp313t-manylinux_2_17_aarch64.manylinux2014_aarch64.whl", hash = "sha256:1b7fbe5571fdf28fd3aaab3ef4aafc847de9ebf263be959958c1ca58ec8eadf5", size = 4903946 },
    { url = "https://files.pythonhosted.org/packages/b7/45/c1a1ccfdd02bc4173ca0f4a2d327683a27df85797b885eb1da1ca325b85c/ml_dtypes-0.5.1-cp313-cp313t-manylinux_2_17_x86_64.manylinux2014_x86_64.whl", hash = "sha256:d13755f8e8445b3870114e5b6240facaa7cb0c3361e54beba3e07fa912a6e12b", size = 5052731 },
    { url = "https://files.pythonhosted.org/packages/4c/17/b8f22639eb0cf52aee86c38c6e4cf1586e99445ef8e87bc1d30237bd5a1a/ml_dtypes-0.5.1-cp39-cp39-macosx_10_9_universal2.whl", hash = "sha256:b8a9d46b4df5ae2135a8e8e72b465448ebbc1559997f4f9304a9ecc3413efb5b", size = 667609 },
    { url = "https://files.pythonhosted.org/packages/95/87/4a1c91ea325ec4708293ae270b375fbdc53917031a64be9d5e3908ac0185/ml_dtypes-0.5.1-cp39-cp39-manylinux_2_17_aarch64.manylinux2014_aarch64.whl", hash = "sha256:afb2009ac98da274e893e03162f6269398b2b00d947e7057ee2469a921d58135", size = 4615607 },
    { url = "https://files.pythonhosted.org/packages/e7/6d/f53c438cbdf753164497958f4ff12a6844ae66a00edcabebcde1dc575ab7/ml_dtypes-0.5.1-cp39-cp39-manylinux_2_17_x86_64.manylinux2014_x86_64.whl", hash = "sha256:aefedc579ece2f8fb38f876aa7698204ee4c372d0e54f1c1ffa8ca580b54cc60", size = 4729131 },
    { url = "https://files.pythonhosted.org/packages/aa/10/03107a1ff3b03d6515d7365d9e356bc612b0750edbd5f4327a1db44404bc/ml_dtypes-0.5.1-cp39-cp39-win_amd64.whl", hash = "sha256:8f2c028954f16ede77902b223a8da2d9cbb3892375b85809a5c3cfb1587960c4", size = 209426 },
]

[[package]]
name = "numba"
version = "0.53.1"
source = { registry = "https://pypi.org/simple" }
dependencies = [
    { name = "llvmlite" },
    { name = "numpy" },
    { name = "setuptools" },
]
sdist = { url = "https://files.pythonhosted.org/packages/e3/7d/3d61160836e49f40913741c464f119551c15ed371c1d91ea50308495b93b/numba-0.53.1.tar.gz", hash = "sha256:9cd4e5216acdc66c4e9dab2dfd22ddb5bef151185c070d4a3cd8e78638aff5b0", size = 2213956 }
wheels = [
    { url = "https://files.pythonhosted.org/packages/5f/c4/31d32d3e47a2a9f4c665b5158547b30f66e8b3f438fa8e6e695b47c70ad5/numba-0.53.1-cp39-cp39-macosx_10_14_x86_64.whl", hash = "sha256:224d197a46a9e602a16780d87636e199e2cdef528caef084a4d8fd8909c2455c", size = 2227187 },
    { url = "https://files.pythonhosted.org/packages/59/61/2d330282528a88a907278f5f6964e55b00461c688468966741720873e302/numba-0.53.1-cp39-cp39-manylinux2014_i686.whl", hash = "sha256:aba7acb247a09d7f12bd17a8e28bbb04e8adef9fc20ca29835d03b7894e1b49f", size = 3098584 },
    { url = "https://files.pythonhosted.org/packages/2e/74/dec288f1365c695ee4a271eef1bd5439693e9263431a367c5ecde045d7e5/numba-0.53.1-cp39-cp39-manylinux2014_x86_64.whl", hash = "sha256:bd126f1f49da6fc4b3169cf1d96f1c3b3f84a7badd11fe22da344b923a00e744", size = 3374647 },
    { url = "https://files.pythonhosted.org/packages/14/fe/ee29b1a645649105f32657eba0ab7cc9837abf7131f6ed1f3463ff6f97d4/numba-0.53.1-cp39-cp39-win32.whl", hash = "sha256:0ef9d1f347b251282ae46e5a5033600aa2d0dfa1ee8c16cb8137b8cd6f79e221", size = 2276146 },
    { url = "https://files.pythonhosted.org/packages/f5/0c/cab8c134f8814a0345cac9a1bd2ec0eec5ee4c1ea198ce536c69df8b9671/numba-0.53.1-cp39-cp39-win_amd64.whl", hash = "sha256:17146885cbe4e89c9d4abd4fcb8886dee06d4591943dc4343500c36ce2fcfa69", size = 2295290 },
]

[[package]]
name = "numpy"
version = "2.0.2"
source = { registry = "https://pypi.org/simple" }
sdist = { url = "https://files.pythonhosted.org/packages/a9/75/10dd1f8116a8b796cb2c737b674e02d02e80454bda953fa7e65d8c12b016/numpy-2.0.2.tar.gz", hash = "sha256:883c987dee1880e2a864ab0dc9892292582510604156762362d9326444636e78", size = 18902015 }
wheels = [
    { url = "https://files.pythonhosted.org/packages/21/91/3495b3237510f79f5d81f2508f9f13fea78ebfdf07538fc7444badda173d/numpy-2.0.2-cp310-cp310-macosx_10_9_x86_64.whl", hash = "sha256:51129a29dbe56f9ca83438b706e2e69a39892b5eda6cedcb6b0c9fdc9b0d3ece", size = 21165245 },
    { url = "https://files.pythonhosted.org/packages/05/33/26178c7d437a87082d11019292dce6d3fe6f0e9026b7b2309cbf3e489b1d/numpy-2.0.2-cp310-cp310-macosx_11_0_arm64.whl", hash = "sha256:f15975dfec0cf2239224d80e32c3170b1d168335eaedee69da84fbe9f1f9cd04", size = 13738540 },
    { url = "https://files.pythonhosted.org/packages/ec/31/cc46e13bf07644efc7a4bf68df2df5fb2a1a88d0cd0da9ddc84dc0033e51/numpy-2.0.2-cp310-cp310-macosx_14_0_arm64.whl", hash = "sha256:8c5713284ce4e282544c68d1c3b2c7161d38c256d2eefc93c1d683cf47683e66", size = 5300623 },
    { url = "https://files.pythonhosted.org/packages/6e/16/7bfcebf27bb4f9d7ec67332ffebee4d1bf085c84246552d52dbb548600e7/numpy-2.0.2-cp310-cp310-macosx_14_0_x86_64.whl", hash = "sha256:becfae3ddd30736fe1889a37f1f580e245ba79a5855bff5f2a29cb3ccc22dd7b", size = 6901774 },
    { url = "https://files.pythonhosted.org/packages/f9/a3/561c531c0e8bf082c5bef509d00d56f82e0ea7e1e3e3a7fc8fa78742a6e5/numpy-2.0.2-cp310-cp310-manylinux_2_17_aarch64.manylinux2014_aarch64.whl", hash = "sha256:2da5960c3cf0df7eafefd806d4e612c5e19358de82cb3c343631188991566ccd", size = 13907081 },
    { url = "https://files.pythonhosted.org/packages/fa/66/f7177ab331876200ac7563a580140643d1179c8b4b6a6b0fc9838de2a9b8/numpy-2.0.2-cp310-cp310-manylinux_2_17_x86_64.manylinux2014_x86_64.whl", hash = "sha256:496f71341824ed9f3d2fd36cf3ac57ae2e0165c143b55c3a035ee219413f3318", size = 19523451 },
    { url = "https://files.pythonhosted.org/packages/25/7f/0b209498009ad6453e4efc2c65bcdf0ae08a182b2b7877d7ab38a92dc542/numpy-2.0.2-cp310-cp310-musllinux_1_1_x86_64.whl", hash = "sha256:a61ec659f68ae254e4d237816e33171497e978140353c0c2038d46e63282d0c8", size = 19927572 },
    { url = "https://files.pythonhosted.org/packages/3e/df/2619393b1e1b565cd2d4c4403bdd979621e2c4dea1f8532754b2598ed63b/numpy-2.0.2-cp310-cp310-musllinux_1_2_aarch64.whl", hash = "sha256:d731a1c6116ba289c1e9ee714b08a8ff882944d4ad631fd411106a30f083c326", size = 14400722 },
    { url = "https://files.pythonhosted.org/packages/22/ad/77e921b9f256d5da36424ffb711ae79ca3f451ff8489eeca544d0701d74a/numpy-2.0.2-cp310-cp310-win32.whl", hash = "sha256:984d96121c9f9616cd33fbd0618b7f08e0cfc9600a7ee1d6fd9b239186d19d97", size = 6472170 },
    { url = "https://files.pythonhosted.org/packages/10/05/3442317535028bc29cf0c0dd4c191a4481e8376e9f0db6bcf29703cadae6/numpy-2.0.2-cp310-cp310-win_amd64.whl", hash = "sha256:c7b0be4ef08607dd04da4092faee0b86607f111d5ae68036f16cc787e250a131", size = 15905558 },
    { url = "https://files.pythonhosted.org/packages/8b/cf/034500fb83041aa0286e0fb16e7c76e5c8b67c0711bb6e9e9737a717d5fe/numpy-2.0.2-cp311-cp311-macosx_10_9_x86_64.whl", hash = "sha256:49ca4decb342d66018b01932139c0961a8f9ddc7589611158cb3c27cbcf76448", size = 21169137 },
    { url = "https://files.pythonhosted.org/packages/4a/d9/32de45561811a4b87fbdee23b5797394e3d1504b4a7cf40c10199848893e/numpy-2.0.2-cp311-cp311-macosx_11_0_arm64.whl", hash = "sha256:11a76c372d1d37437857280aa142086476136a8c0f373b2e648ab2c8f18fb195", size = 13703552 },
    { url = "https://files.pythonhosted.org/packages/c1/ca/2f384720020c7b244d22508cb7ab23d95f179fcfff33c31a6eeba8d6c512/numpy-2.0.2-cp311-cp311-macosx_14_0_arm64.whl", hash = "sha256:807ec44583fd708a21d4a11d94aedf2f4f3c3719035c76a2bbe1fe8e217bdc57", size = 5298957 },
    { url = "https://files.pythonhosted.org/packages/0e/78/a3e4f9fb6aa4e6fdca0c5428e8ba039408514388cf62d89651aade838269/numpy-2.0.2-cp311-cp311-macosx_14_0_x86_64.whl", hash = "sha256:8cafab480740e22f8d833acefed5cc87ce276f4ece12fdaa2e8903db2f82897a", size = 6905573 },
    { url = "https://files.pythonhosted.org/packages/a0/72/cfc3a1beb2caf4efc9d0b38a15fe34025230da27e1c08cc2eb9bfb1c7231/numpy-2.0.2-cp311-cp311-manylinux_2_17_aarch64.manylinux2014_aarch64.whl", hash = "sha256:a15f476a45e6e5a3a79d8a14e62161d27ad897381fecfa4a09ed5322f2085669", size = 13914330 },
    { url = "https://files.pythonhosted.org/packages/ba/a8/c17acf65a931ce551fee11b72e8de63bf7e8a6f0e21add4c937c83563538/numpy-2.0.2-cp311-cp311-manylinux_2_17_x86_64.manylinux2014_x86_64.whl", hash = "sha256:13e689d772146140a252c3a28501da66dfecd77490b498b168b501835041f951", size = 19534895 },
    { url = "https://files.pythonhosted.org/packages/ba/86/8767f3d54f6ae0165749f84648da9dcc8cd78ab65d415494962c86fac80f/numpy-2.0.2-cp311-cp311-musllinux_1_1_x86_64.whl", hash = "sha256:9ea91dfb7c3d1c56a0e55657c0afb38cf1eeae4544c208dc465c3c9f3a7c09f9", size = 19937253 },
    { url = "https://files.pythonhosted.org/packages/df/87/f76450e6e1c14e5bb1eae6836478b1028e096fd02e85c1c37674606ab752/numpy-2.0.2-cp311-cp311-musllinux_1_2_aarch64.whl", hash = "sha256:c1c9307701fec8f3f7a1e6711f9089c06e6284b3afbbcd259f7791282d660a15", size = 14414074 },
    { url = "https://files.pythonhosted.org/packages/5c/ca/0f0f328e1e59f73754f06e1adfb909de43726d4f24c6a3f8805f34f2b0fa/numpy-2.0.2-cp311-cp311-win32.whl", hash = "sha256:a392a68bd329eafac5817e5aefeb39038c48b671afd242710b451e76090e81f4", size = 6470640 },
    { url = "https://files.pythonhosted.org/packages/eb/57/3a3f14d3a759dcf9bf6e9eda905794726b758819df4663f217d658a58695/numpy-2.0.2-cp311-cp311-win_amd64.whl", hash = "sha256:286cd40ce2b7d652a6f22efdfc6d1edf879440e53e76a75955bc0c826c7e64dc", size = 15910230 },
    { url = "https://files.pythonhosted.org/packages/45/40/2e117be60ec50d98fa08c2f8c48e09b3edea93cfcabd5a9ff6925d54b1c2/numpy-2.0.2-cp312-cp312-macosx_10_9_x86_64.whl", hash = "sha256:df55d490dea7934f330006d0f81e8551ba6010a5bf035a249ef61a94f21c500b", size = 20895803 },
    { url = "https://files.pythonhosted.org/packages/46/92/1b8b8dee833f53cef3e0a3f69b2374467789e0bb7399689582314df02651/numpy-2.0.2-cp312-cp312-macosx_11_0_arm64.whl", hash = "sha256:8df823f570d9adf0978347d1f926b2a867d5608f434a7cff7f7908c6570dcf5e", size = 13471835 },
    { url = "https://files.pythonhosted.org/packages/7f/19/e2793bde475f1edaea6945be141aef6c8b4c669b90c90a300a8954d08f0a/numpy-2.0.2-cp312-cp312-macosx_14_0_arm64.whl", hash = "sha256:9a92ae5c14811e390f3767053ff54eaee3bf84576d99a2456391401323f4ec2c", size = 5038499 },
    { url = "https://files.pythonhosted.org/packages/e3/ff/ddf6dac2ff0dd50a7327bcdba45cb0264d0e96bb44d33324853f781a8f3c/numpy-2.0.2-cp312-cp312-macosx_14_0_x86_64.whl", hash = "sha256:a842d573724391493a97a62ebbb8e731f8a5dcc5d285dfc99141ca15a3302d0c", size = 6633497 },
    { url = "https://files.pythonhosted.org/packages/72/21/67f36eac8e2d2cd652a2e69595a54128297cdcb1ff3931cfc87838874bd4/numpy-2.0.2-cp312-cp312-manylinux_2_17_aarch64.manylinux2014_aarch64.whl", hash = "sha256:c05e238064fc0610c840d1cf6a13bf63d7e391717d247f1bf0318172e759e692", size = 13621158 },
    { url = "https://files.pythonhosted.org/packages/39/68/e9f1126d757653496dbc096cb429014347a36b228f5a991dae2c6b6cfd40/numpy-2.0.2-cp312-cp312-manylinux_2_17_x86_64.manylinux2014_x86_64.whl", hash = "sha256:0123ffdaa88fa4ab64835dcbde75dcdf89c453c922f18dced6e27c90d1d0ec5a", size = 19236173 },
    { url = "https://files.pythonhosted.org/packages/d1/e9/1f5333281e4ebf483ba1c888b1d61ba7e78d7e910fdd8e6499667041cc35/numpy-2.0.2-cp312-cp312-musllinux_1_1_x86_64.whl", hash = "sha256:96a55f64139912d61de9137f11bf39a55ec8faec288c75a54f93dfd39f7eb40c", size = 19634174 },
    { url = "https://files.pythonhosted.org/packages/71/af/a469674070c8d8408384e3012e064299f7a2de540738a8e414dcfd639996/numpy-2.0.2-cp312-cp312-musllinux_1_2_aarch64.whl", hash = "sha256:ec9852fb39354b5a45a80bdab5ac02dd02b15f44b3804e9f00c556bf24b4bded", size = 14099701 },
    { url = "https://files.pythonhosted.org/packages/d0/3d/08ea9f239d0e0e939b6ca52ad403c84a2bce1bde301a8eb4888c1c1543f1/numpy-2.0.2-cp312-cp312-win32.whl", hash = "sha256:671bec6496f83202ed2d3c8fdc486a8fc86942f2e69ff0e986140339a63bcbe5", size = 6174313 },
    { url = "https://files.pythonhosted.org/packages/b2/b5/4ac39baebf1fdb2e72585c8352c56d063b6126be9fc95bd2bb5ef5770c20/numpy-2.0.2-cp312-cp312-win_amd64.whl", hash = "sha256:cfd41e13fdc257aa5778496b8caa5e856dc4896d4ccf01841daee1d96465467a", size = 15606179 },
    { url = "https://files.pythonhosted.org/packages/43/c1/41c8f6df3162b0c6ffd4437d729115704bd43363de0090c7f913cfbc2d89/numpy-2.0.2-cp39-cp39-macosx_10_9_x86_64.whl", hash = "sha256:9059e10581ce4093f735ed23f3b9d283b9d517ff46009ddd485f1747eb22653c", size = 21169942 },
    { url = "https://files.pythonhosted.org/packages/39/bc/fd298f308dcd232b56a4031fd6ddf11c43f9917fbc937e53762f7b5a3bb1/numpy-2.0.2-cp39-cp39-macosx_11_0_arm64.whl", hash = "sha256:423e89b23490805d2a5a96fe40ec507407b8ee786d66f7328be214f9679df6dd", size = 13711512 },
    { url = "https://files.pythonhosted.org/packages/96/ff/06d1aa3eeb1c614eda245c1ba4fb88c483bee6520d361641331872ac4b82/numpy-2.0.2-cp39-cp39-macosx_14_0_arm64.whl", hash = "sha256:2b2955fa6f11907cf7a70dab0d0755159bca87755e831e47932367fc8f2f2d0b", size = 5306976 },
    { url = "https://files.pythonhosted.org/packages/2d/98/121996dcfb10a6087a05e54453e28e58694a7db62c5a5a29cee14c6e047b/numpy-2.0.2-cp39-cp39-macosx_14_0_x86_64.whl", hash = "sha256:97032a27bd9d8988b9a97a8c4d2c9f2c15a81f61e2f21404d7e8ef00cb5be729", size = 6906494 },
    { url = "https://files.pythonhosted.org/packages/15/31/9dffc70da6b9bbf7968f6551967fc21156207366272c2a40b4ed6008dc9b/numpy-2.0.2-cp39-cp39-manylinux_2_17_aarch64.manylinux2014_aarch64.whl", hash = "sha256:1e795a8be3ddbac43274f18588329c72939870a16cae810c2b73461c40718ab1", size = 13912596 },
    { url = "https://files.pythonhosted.org/packages/b9/14/78635daab4b07c0930c919d451b8bf8c164774e6a3413aed04a6d95758ce/numpy-2.0.2-cp39-cp39-manylinux_2_17_x86_64.manylinux2014_x86_64.whl", hash = "sha256:f26b258c385842546006213344c50655ff1555a9338e2e5e02a0756dc3e803dd", size = 19526099 },
    { url = "https://files.pythonhosted.org/packages/26/4c/0eeca4614003077f68bfe7aac8b7496f04221865b3a5e7cb230c9d055afd/numpy-2.0.2-cp39-cp39-musllinux_1_1_x86_64.whl", hash = "sha256:5fec9451a7789926bcf7c2b8d187292c9f93ea30284802a0ab3f5be8ab36865d", size = 19932823 },
    { url = "https://files.pythonhosted.org/packages/f1/46/ea25b98b13dccaebddf1a803f8c748680d972e00507cd9bc6dcdb5aa2ac1/numpy-2.0.2-cp39-cp39-musllinux_1_2_aarch64.whl", hash = "sha256:9189427407d88ff25ecf8f12469d4d39d35bee1db5d39fc5c168c6f088a6956d", size = 14404424 },
    { url = "https://files.pythonhosted.org/packages/c8/a6/177dd88d95ecf07e722d21008b1b40e681a929eb9e329684d449c36586b2/numpy-2.0.2-cp39-cp39-win32.whl", hash = "sha256:905d16e0c60200656500c95b6b8dca5d109e23cb24abc701d41c02d74c6b3afa", size = 6476809 },
    { url = "https://files.pythonhosted.org/packages/ea/2b/7fc9f4e7ae5b507c1a3a21f0f15ed03e794c1242ea8a242ac158beb56034/numpy-2.0.2-cp39-cp39-win_amd64.whl", hash = "sha256:a3f4ab0caa7f053f6797fcd4e1e25caee367db3112ef2b6ef82d749530768c73", size = 15911314 },
    { url = "https://files.pythonhosted.org/packages/8f/3b/df5a870ac6a3be3a86856ce195ef42eec7ae50d2a202be1f5a4b3b340e14/numpy-2.0.2-pp39-pypy39_pp73-macosx_10_9_x86_64.whl", hash = "sha256:7f0a0c6f12e07fa94133c8a67404322845220c06a9e80e85999afe727f7438b8", size = 21025288 },
    { url = "https://files.pythonhosted.org/packages/2c/97/51af92f18d6f6f2d9ad8b482a99fb74e142d71372da5d834b3a2747a446e/numpy-2.0.2-pp39-pypy39_pp73-macosx_14_0_x86_64.whl", hash = "sha256:312950fdd060354350ed123c0e25a71327d3711584beaef30cdaa93320c392d4", size = 6762793 },
    { url = "https://files.pythonhosted.org/packages/12/46/de1fbd0c1b5ccaa7f9a005b66761533e2f6a3e560096682683a223631fe9/numpy-2.0.2-pp39-pypy39_pp73-manylinux_2_17_x86_64.manylinux2014_x86_64.whl", hash = "sha256:26df23238872200f63518dd2aa984cfca675d82469535dc7162dc2ee52d9dd5c", size = 19334885 },
    { url = "https://files.pythonhosted.org/packages/cc/dc/d330a6faefd92b446ec0f0dfea4c3207bb1fef3c4771d19cf4543efd2c78/numpy-2.0.2-pp39-pypy39_pp73-win_amd64.whl", hash = "sha256:a46288ec55ebbd58947d31d72be2c63cbf839f0a63b49cb755022310792a3385", size = 15828784 },
]

[[package]]
name = "opt-einsum"
version = "3.4.0"
source = { registry = "https://pypi.org/simple" }
sdist = { url = "https://files.pythonhosted.org/packages/8c/b9/2ac072041e899a52f20cf9510850ff58295003aa75525e58343591b0cbfb/opt_einsum-3.4.0.tar.gz", hash = "sha256:96ca72f1b886d148241348783498194c577fa30a8faac108586b14f1ba4473ac", size = 63004 }
wheels = [
    { url = "https://files.pythonhosted.org/packages/23/cd/066e86230ae37ed0be70aae89aabf03ca8d9f39c8aea0dec8029455b5540/opt_einsum-3.4.0-py3-none-any.whl", hash = "sha256:69bb92469f86a1565195ece4ac0323943e83477171b91d24c35afe028a90d7cd", size = 71932 },
]

[[package]]
name = "scipy"
version = "1.13.1"
source = { registry = "https://pypi.org/simple" }
dependencies = [
    { name = "numpy" },
]
sdist = { url = "https://files.pythonhosted.org/packages/ae/00/48c2f661e2816ccf2ecd77982f6605b2950afe60f60a52b4cbbc2504aa8f/scipy-1.13.1.tar.gz", hash = "sha256:095a87a0312b08dfd6a6155cbbd310a8c51800fc931b8c0b84003014b874ed3c", size = 57210720 }
wheels = [
    { url = "https://files.pythonhosted.org/packages/33/59/41b2529908c002ade869623b87eecff3e11e3ce62e996d0bdcb536984187/scipy-1.13.1-cp310-cp310-macosx_10_9_x86_64.whl", hash = "sha256:20335853b85e9a49ff7572ab453794298bcf0354d8068c5f6775a0eabf350aca", size = 39328076 },
    { url = "https://files.pythonhosted.org/packages/d5/33/f1307601f492f764062ce7dd471a14750f3360e33cd0f8c614dae208492c/scipy-1.13.1-cp310-cp310-macosx_12_0_arm64.whl", hash = "sha256:d605e9c23906d1994f55ace80e0125c587f96c020037ea6aa98d01b4bd2e222f", size = 30306232 },
    { url = "https://files.pythonhosted.org/packages/c0/66/9cd4f501dd5ea03e4a4572ecd874936d0da296bd04d1c45ae1a4a75d9c3a/scipy-1.13.1-cp310-cp310-manylinux_2_17_aarch64.manylinux2014_aarch64.whl", hash = "sha256:cfa31f1def5c819b19ecc3a8b52d28ffdcc7ed52bb20c9a7589669dd3c250989", size = 33743202 },
    { url = "https://files.pythonhosted.org/packages/a3/ba/7255e5dc82a65adbe83771c72f384d99c43063648456796436c9a5585ec3/scipy-1.13.1-cp310-cp310-manylinux_2_17_x86_64.manylinux2014_x86_64.whl", hash = "sha256:f26264b282b9da0952a024ae34710c2aff7d27480ee91a2e82b7b7073c24722f", size = 38577335 },
    { url = "https://files.pythonhosted.org/packages/49/a5/bb9ded8326e9f0cdfdc412eeda1054b914dfea952bda2097d174f8832cc0/scipy-1.13.1-cp310-cp310-musllinux_1_1_x86_64.whl", hash = "sha256:eccfa1906eacc02de42d70ef4aecea45415f5be17e72b61bafcfd329bdc52e94", size = 38820728 },
    { url = "https://files.pythonhosted.org/packages/12/30/df7a8fcc08f9b4a83f5f27cfaaa7d43f9a2d2ad0b6562cced433e5b04e31/scipy-1.13.1-cp310-cp310-win_amd64.whl", hash = "sha256:2831f0dc9c5ea9edd6e51e6e769b655f08ec6db6e2e10f86ef39bd32eb11da54", size = 46210588 },
    { url = "https://files.pythonhosted.org/packages/b4/15/4a4bb1b15bbd2cd2786c4f46e76b871b28799b67891f23f455323a0cdcfb/scipy-1.13.1-cp311-cp311-macosx_10_9_x86_64.whl", hash = "sha256:27e52b09c0d3a1d5b63e1105f24177e544a222b43611aaf5bc44d4a0979e32f9", size = 39333805 },
    { url = "https://files.pythonhosted.org/packages/ba/92/42476de1af309c27710004f5cdebc27bec62c204db42e05b23a302cb0c9a/scipy-1.13.1-cp311-cp311-macosx_12_0_arm64.whl", hash = "sha256:54f430b00f0133e2224c3ba42b805bfd0086fe488835effa33fa291561932326", size = 30317687 },
    { url = "https://files.pythonhosted.org/packages/80/ba/8be64fe225360a4beb6840f3cbee494c107c0887f33350d0a47d55400b01/scipy-1.13.1-cp311-cp311-manylinux_2_17_aarch64.manylinux2014_aarch64.whl", hash = "sha256:e89369d27f9e7b0884ae559a3a956e77c02114cc60a6058b4e5011572eea9299", size = 33694638 },
    { url = "https://files.pythonhosted.org/packages/36/07/035d22ff9795129c5a847c64cb43c1fa9188826b59344fee28a3ab02e283/scipy-1.13.1-cp311-cp311-manylinux_2_17_x86_64.manylinux2014_x86_64.whl", hash = "sha256:a78b4b3345f1b6f68a763c6e25c0c9a23a9fd0f39f5f3d200efe8feda560a5fa", size = 38569931 },
    { url = "https://files.pythonhosted.org/packages/d9/10/f9b43de37e5ed91facc0cfff31d45ed0104f359e4f9a68416cbf4e790241/scipy-1.13.1-cp311-cp311-musllinux_1_1_x86_64.whl", hash = "sha256:45484bee6d65633752c490404513b9ef02475b4284c4cfab0ef946def50b3f59", size = 38838145 },
    { url = "https://files.pythonhosted.org/packages/4a/48/4513a1a5623a23e95f94abd675ed91cfb19989c58e9f6f7d03990f6caf3d/scipy-1.13.1-cp311-cp311-win_amd64.whl", hash = "sha256:5713f62f781eebd8d597eb3f88b8bf9274e79eeabf63afb4a737abc6c84ad37b", size = 46196227 },
    { url = "https://files.pythonhosted.org/packages/f2/7b/fb6b46fbee30fc7051913068758414f2721003a89dd9a707ad49174e3843/scipy-1.13.1-cp312-cp312-macosx_10_9_x86_64.whl", hash = "sha256:5d72782f39716b2b3509cd7c33cdc08c96f2f4d2b06d51e52fb45a19ca0c86a1", size = 39357301 },
    { url = "https://files.pythonhosted.org/packages/dc/5a/2043a3bde1443d94014aaa41e0b50c39d046dda8360abd3b2a1d3f79907d/scipy-1.13.1-cp312-cp312-macosx_12_0_arm64.whl", hash = "sha256:017367484ce5498445aade74b1d5ab377acdc65e27095155e448c88497755a5d", size = 30363348 },
    { url = "https://files.pythonhosted.org/packages/e7/cb/26e4a47364bbfdb3b7fb3363be6d8a1c543bcd70a7753ab397350f5f189a/scipy-1.13.1-cp312-cp312-manylinux_2_17_aarch64.manylinux2014_aarch64.whl", hash = "sha256:949ae67db5fa78a86e8fa644b9a6b07252f449dcf74247108c50e1d20d2b4627", size = 33406062 },
    { url = "https://files.pythonhosted.org/packages/88/ab/6ecdc526d509d33814835447bbbeedbebdec7cca46ef495a61b00a35b4bf/scipy-1.13.1-cp312-cp312-manylinux_2_17_x86_64.manylinux2014_x86_64.whl", hash = "sha256:de3ade0e53bc1f21358aa74ff4830235d716211d7d077e340c7349bc3542e884", size = 38218311 },
    { url = "https://files.pythonhosted.org/packages/0b/00/9f54554f0f8318100a71515122d8f4f503b1a2c4b4cfab3b4b68c0eb08fa/scipy-1.13.1-cp312-cp312-musllinux_1_1_x86_64.whl", hash = "sha256:2ac65fb503dad64218c228e2dc2d0a0193f7904747db43014645ae139c8fad16", size = 38442493 },
    { url = "https://files.pythonhosted.org/packages/3e/df/963384e90733e08eac978cd103c34df181d1fec424de383cdc443f418dd4/scipy-1.13.1-cp312-cp312-win_amd64.whl", hash = "sha256:cdd7dacfb95fea358916410ec61bbc20440f7860333aee6d882bb8046264e949", size = 45910955 },
    { url = "https://files.pythonhosted.org/packages/7f/29/c2ea58c9731b9ecb30b6738113a95d147e83922986b34c685b8f6eefde21/scipy-1.13.1-cp39-cp39-macosx_10_9_x86_64.whl", hash = "sha256:436bbb42a94a8aeef855d755ce5a465479c721e9d684de76bf61a62e7c2b81d5", size = 39352927 },
    { url = "https://files.pythonhosted.org/packages/5c/c0/e71b94b20ccf9effb38d7147c0064c08c622309fd487b1b677771a97d18c/scipy-1.13.1-cp39-cp39-macosx_12_0_arm64.whl", hash = "sha256:8335549ebbca860c52bf3d02f80784e91a004b71b059e3eea9678ba994796a24", size = 30324538 },
    { url = "https://files.pythonhosted.org/packages/6d/0f/aaa55b06d474817cea311e7b10aab2ea1fd5d43bc6a2861ccc9caec9f418/scipy-1.13.1-cp39-cp39-manylinux_2_17_aarch64.manylinux2014_aarch64.whl", hash = "sha256:d533654b7d221a6a97304ab63c41c96473ff04459e404b83275b60aa8f4b7004", size = 33732190 },
    { url = "https://files.pythonhosted.org/packages/35/f5/d0ad1a96f80962ba65e2ce1de6a1e59edecd1f0a7b55990ed208848012e0/scipy-1.13.1-cp39-cp39-manylinux_2_17_x86_64.manylinux2014_x86_64.whl", hash = "sha256:637e98dcf185ba7f8e663e122ebf908c4702420477ae52a04f9908707456ba4d", size = 38612244 },
    { url = "https://files.pythonhosted.org/packages/8d/02/1165905f14962174e6569076bcc3315809ae1291ed14de6448cc151eedfd/scipy-1.13.1-cp39-cp39-musllinux_1_1_x86_64.whl", hash = "sha256:a014c2b3697bde71724244f63de2476925596c24285c7a637364761f8710891c", size = 38845637 },
    { url = "https://files.pythonhosted.org/packages/3e/77/dab54fe647a08ee4253963bcd8f9cf17509c8ca64d6335141422fe2e2114/scipy-1.13.1-cp39-cp39-win_amd64.whl", hash = "sha256:392e4ec766654852c25ebad4f64e4e584cf19820b980bc04960bca0b0cd6eaa2", size = 46227440 },
]

[[package]]
name = "setuptools"
version = "75.7.0"
source = { registry = "https://pypi.org/simple" }
sdist = { url = "https://files.pythonhosted.org/packages/ac/57/e6f0bde5a2c333a32fbcce201f906c1fd0b3a7144138712a5e9d9598c5ec/setuptools-75.7.0.tar.gz", hash = "sha256:886ff7b16cd342f1d1defc16fc98c9ce3fde69e087a4e1983d7ab634e5f41f4f", size = 1338616 }
wheels = [
    { url = "https://files.pythonhosted.org/packages/4e/6e/abdfaaf5c294c553e7a81cf5d801fbb4f53f5c5b6646de651f92a2667547/setuptools-75.7.0-py3-none-any.whl", hash = "sha256:84fb203f278ebcf5cd08f97d3fb96d3fbed4b629d500b29ad60d11e00769b183", size = 1224467 },
]

[[package]]
name = "zipp"
version = "3.21.0"
source = { registry = "https://pypi.org/simple" }
sdist = { url = "https://files.pythonhosted.org/packages/3f/50/bad581df71744867e9468ebd0bcd6505de3b275e06f202c2cb016e3ff56f/zipp-3.21.0.tar.gz", hash = "sha256:2c9958f6430a2040341a52eb608ed6dd93ef4392e02ffe219417c1b28b5dd1f4", size = 24545 }
wheels = [
    { url = "https://files.pythonhosted.org/packages/b7/1a/7e4798e9339adc931158c9d69ecc34f5e6791489d469f5e50ec15e35f458/zipp-3.21.0-py3-none-any.whl", hash = "sha256:ac1bbe05fd2991f160ebce24ffbac5f6d11d83dc90891255885223d42b3cd931", size = 9630 },
]
